
Microsoft Visual Studio Solution File, Format Version 12.00
# Visual Studio Version 17
VisualStudioVersion = 17.11.35208.52
MinimumVisualStudioVersion = 10.0.40219.1
Project("{2150E333-8FDC-42A3-9474-1A3956D46DE8}") = "backend", "backend", "{159025C9-F2BC-483B-B7B3-CB8416E44976}"
EndProject
Project("{2150E333-8FDC-42A3-9474-1A3956D46DE8}") = "frontend", "frontend", "{12F07354-16DD-4C9D-8159-577AF347F6DF}"
	ProjectSection(SolutionItems) = preProject
		.gitignore = .gitignore
	EndProjectSection
EndProject
Project("{2150E333-8FDC-42A3-9474-1A3956D46DE8}") = "Itens de Solução", "Itens de Solução", "{F7E8085F-344F-4FFF-8AFF-0A9E1DAB5FD8}"
	ProjectSection(SolutionItems) = preProject
		.gitignore = .gitignore
		README.md = README.md
	EndProjectSection
EndProject
Project("{9A19103F-16F7-4668-BE54-9A1E7A4F7556}") = "Pedido.Api", "backend\Pedido.Api\Pedido.Api.csproj", "{FA8483AF-CB76-46EE-B0F9-86613A760EAC}"
EndProject
Project("{9A19103F-16F7-4668-BE54-9A1E7A4F7556}") = "Pedido.Core", "backend\Pedido.Core\Pedido.Core.csproj", "{D8E2EBFE-DCB4-47DE-8728-F252D7FBA194}"
EndProject
Project("{9A19103F-16F7-4668-BE54-9A1E7A4F7556}") = "Pedido.Domain", "backend\Pedido.Domain\Pedido.Domain.csproj", "{8F3EC10E-2299-48AC-9D50-DE8D09725E9A}"
EndProject
Project("{9A19103F-16F7-4668-BE54-9A1E7A4F7556}") = "Pedido.Infrastructure", "backend\Pedido.Infrastructure\Pedido.Infrastructure.csproj", "{25FB1C5C-B2F1-47AA-8AD0-C40AF46CC9A3}"
EndProject
Project("{54A90642-561A-4BB1-A94E-469ADEE60C69}") = "WebPedido", "frontend\WebPedido\WebPedido.esproj", "{02C9C6AD-1E4F-4FF9-A542-000627452015}"
EndProject
Global
	GlobalSection(SolutionConfigurationPlatforms) = preSolution
		Debug|Any CPU = Debug|Any CPU
		Release|Any CPU = Release|Any CPU
	EndGlobalSection
	GlobalSection(ProjectConfigurationPlatforms) = postSolution
		{FA8483AF-CB76-46EE-B0F9-86613A760EAC}.Debug|Any CPU.ActiveCfg = Debug|Any CPU
		{FA8483AF-CB76-46EE-B0F9-86613A760EAC}.Debug|Any CPU.Build.0 = Debug|Any CPU
		{FA8483AF-CB76-46EE-B0F9-86613A760EAC}.Release|Any CPU.ActiveCfg = Release|Any CPU
		{FA8483AF-CB76-46EE-B0F9-86613A760EAC}.Release|Any CPU.Build.0 = Release|Any CPU
		{D8E2EBFE-DCB4-47DE-8728-F252D7FBA194}.Debug|Any CPU.ActiveCfg = Debug|Any CPU
		{D8E2EBFE-DCB4-47DE-8728-F252D7FBA194}.Debug|Any CPU.Build.0 = Debug|Any CPU
		{D8E2EBFE-DCB4-47DE-8728-F252D7FBA194}.Release|Any CPU.ActiveCfg = Release|Any CPU
		{D8E2EBFE-DCB4-47DE-8728-F252D7FBA194}.Release|Any CPU.Build.0 = Release|Any CPU
		{8F3EC10E-2299-48AC-9D50-DE8D09725E9A}.Debug|Any CPU.ActiveCfg = Debug|Any CPU
		{8F3EC10E-2299-48AC-9D50-DE8D09725E9A}.Debug|Any CPU.Build.0 = Debug|Any CPU
		{8F3EC10E-2299-48AC-9D50-DE8D09725E9A}.Release|Any CPU.ActiveCfg = Release|Any CPU
		{8F3EC10E-2299-48AC-9D50-DE8D09725E9A}.Release|Any CPU.Build.0 = Release|Any CPU
		{25FB1C5C-B2F1-47AA-8AD0-C40AF46CC9A3}.Debug|Any CPU.ActiveCfg = Debug|Any CPU
		{25FB1C5C-B2F1-47AA-8AD0-C40AF46CC9A3}.Debug|Any CPU.Build.0 = Debug|Any CPU
		{25FB1C5C-B2F1-47AA-8AD0-C40AF46CC9A3}.Release|Any CPU.ActiveCfg = Release|Any CPU
		{25FB1C5C-B2F1-47AA-8AD0-C40AF46CC9A3}.Release|Any CPU.Build.0 = Release|Any CPU
		{02C9C6AD-1E4F-4FF9-A542-000627452015}.Debug|Any CPU.ActiveCfg = Debug|Any CPU
		{02C9C6AD-1E4F-4FF9-A542-000627452015}.Debug|Any CPU.Build.0 = Debug|Any CPU
		{02C9C6AD-1E4F-4FF9-A542-000627452015}.Debug|Any CPU.Deploy.0 = Debug|Any CPU
		{02C9C6AD-1E4F-4FF9-A542-000627452015}.Release|Any CPU.ActiveCfg = Release|Any CPU
		{02C9C6AD-1E4F-4FF9-A542-000627452015}.Release|Any CPU.Build.0 = Release|Any CPU
		{02C9C6AD-1E4F-4FF9-A542-000627452015}.Release|Any CPU.Deploy.0 = Release|Any CPU
	EndGlobalSection
	GlobalSection(SolutionProperties) = preSolution
		HideSolutionNode = FALSE
	EndGlobalSection
	GlobalSection(NestedProjects) = preSolution
		{FA8483AF-CB76-46EE-B0F9-86613A760EAC} = {159025C9-F2BC-483B-B7B3-CB8416E44976}
		{D8E2EBFE-DCB4-47DE-8728-F252D7FBA194} = {159025C9-F2BC-483B-B7B3-CB8416E44976}
		{8F3EC10E-2299-48AC-9D50-DE8D09725E9A} = {159025C9-F2BC-483B-B7B3-CB8416E44976}
		{25FB1C5C-B2F1-47AA-8AD0-C40AF46CC9A3} = {159025C9-F2BC-483B-B7B3-CB8416E44976}
		{02C9C6AD-1E4F-4FF9-A542-000627452015} = {12F07354-16DD-4C9D-8159-577AF347F6DF}
	EndGlobalSection
	GlobalSection(ExtensibilityGlobals) = postSolution
		SolutionGuid = {F0816B8D-0CE0-4786-AE63-7BA93F5397C9}
	EndGlobalSection
EndGlobal
